// !$*UTF8*$!
{
	archiveVersion = 1;
	classes = {
	};
	objectVersion = 46;
	objects = {

/* Begin PBXBuildFile section */
		671E59001DF88DA3000CFD6A /* AnonyMouseDB.swift in Sources */ = {isa = PBXBuildFile; fileRef = 671E58FF1DF88DA3000CFD6A /* AnonyMouseDB.swift */; };
		671E59241DF890F1000CFD6A /* SQLite.framework in Frameworks */ = {isa = PBXBuildFile; fileRef = 671E59161DF89057000CFD6A /* SQLite.framework */; };
		6757B3D41DECB18300594AE9 /* BestTableViewController.swift in Sources */ = {isa = PBXBuildFile; fileRef = 6757B3D31DECB18300594AE9 /* BestTableViewController.swift */; };
		6757B3D61DECB19D00594AE9 /* MineTableViewController.swift in Sources */ = {isa = PBXBuildFile; fileRef = 6757B3D51DECB19D00594AE9 /* MineTableViewController.swift */; };
		6757B3D81DECB1A800594AE9 /* NewTableViewController.swift in Sources */ = {isa = PBXBuildFile; fileRef = 6757B3D71DECB1A800594AE9 /* NewTableViewController.swift */; };
		6757B3DA1DECB45400594AE9 /* Mouse.swift in Sources */ = {isa = PBXBuildFile; fileRef = 6757B3D91DECB45400594AE9 /* Mouse.swift */; };
		67FD68841DDA619A00CEEC6C /* AppDelegate.swift in Sources */ = {isa = PBXBuildFile; fileRef = 67FD68831DDA619A00CEEC6C /* AppDelegate.swift */; };
		67FD68861DDA619A00CEEC6C /* PostViewController.swift in Sources */ = {isa = PBXBuildFile; fileRef = 67FD68851DDA619A00CEEC6C /* PostViewController.swift */; };
		67FD688B1DDA619A00CEEC6C /* Main.storyboard in Resources */ = {isa = PBXBuildFile; fileRef = 67FD68891DDA619A00CEEC6C /* Main.storyboard */; };
		67FD688D1DDA619A00CEEC6C /* Assets.xcassets in Resources */ = {isa = PBXBuildFile; fileRef = 67FD688C1DDA619A00CEEC6C /* Assets.xcassets */; };
		67FD68901DDA619A00CEEC6C /* LaunchScreen.storyboard in Resources */ = {isa = PBXBuildFile; fileRef = 67FD688E1DDA619A00CEEC6C /* LaunchScreen.storyboard */; };
		67FD689B1DDA619A00CEEC6C /* AnonymouseTests.swift in Sources */ = {isa = PBXBuildFile; fileRef = 67FD689A1DDA619A00CEEC6C /* AnonymouseTests.swift */; };
		67FD68A61DDA619A00CEEC6C /* AnonymouseUITests.swift in Sources */ = {isa = PBXBuildFile; fileRef = 67FD68A51DDA619A00CEEC6C /* AnonymouseUITests.swift */; };
/* End PBXBuildFile section */

/* Begin PBXContainerItemProxy section */
		671E59151DF89057000CFD6A /* PBXContainerItemProxy */ = {
			isa = PBXContainerItemProxy;
			containerPortal = 671E590B1DF89057000CFD6A /* SQLite.xcodeproj */;
			proxyType = 2;
			remoteGlobalIDString = EE247AD31C3F04ED00AE3E12;
			remoteInfo = "SQLite iOS";
		};
		671E59171DF89057000CFD6A /* PBXContainerItemProxy */ = {
			isa = PBXContainerItemProxy;
			containerPortal = 671E590B1DF89057000CFD6A /* SQLite.xcodeproj */;
			proxyType = 2;
			remoteGlobalIDString = EE247ADD1C3F04ED00AE3E12;
			remoteInfo = "SQLiteTests iOS";
		};
		671E59191DF89057000CFD6A /* PBXContainerItemProxy */ = {
			isa = PBXContainerItemProxy;
			containerPortal = 671E590B1DF89057000CFD6A /* SQLite.xcodeproj */;
			proxyType = 2;
			remoteGlobalIDString = EE247B3C1C3F3ED000AE3E12;
			remoteInfo = "SQLite Mac";
		};
		671E591B1DF89057000CFD6A /* PBXContainerItemProxy */ = {
			isa = PBXContainerItemProxy;
			containerPortal = 671E590B1DF89057000CFD6A /* SQLite.xcodeproj */;
			proxyType = 2;
			remoteGlobalIDString = EE247B451C3F3ED000AE3E12;
			remoteInfo = "SQLiteTests Mac";
		};
		671E591D1DF89057000CFD6A /* PBXContainerItemProxy */ = {
			isa = PBXContainerItemProxy;
			containerPortal = 671E590B1DF89057000CFD6A /* SQLite.xcodeproj */;
			proxyType = 2;
			remoteGlobalIDString = 03A65E5A1C6BB0F50062603F;
			remoteInfo = "SQLite tvOS";
		};
		671E591F1DF89057000CFD6A /* PBXContainerItemProxy */ = {
			isa = PBXContainerItemProxy;
			containerPortal = 671E590B1DF89057000CFD6A /* SQLite.xcodeproj */;
			proxyType = 2;
			remoteGlobalIDString = 03A65E631C6BB0F60062603F;
			remoteInfo = "SQLiteTests tvOS";
		};
		671E59211DF89057000CFD6A /* PBXContainerItemProxy */ = {
			isa = PBXContainerItemProxy;
			containerPortal = 671E590B1DF89057000CFD6A /* SQLite.xcodeproj */;
			proxyType = 2;
			remoteGlobalIDString = A121AC451CA35C79005A31D1;
			remoteInfo = "SQLite watchOS";
		};
		67FD68971DDA619A00CEEC6C /* PBXContainerItemProxy */ = {
			isa = PBXContainerItemProxy;
			containerPortal = 67FD68781DDA619A00CEEC6C /* Project object */;
			proxyType = 1;
			remoteGlobalIDString = 67FD687F1DDA619A00CEEC6C;
			remoteInfo = Anonymouse;
		};
		67FD68A21DDA619A00CEEC6C /* PBXContainerItemProxy */ = {
			isa = PBXContainerItemProxy;
			containerPortal = 67FD68781DDA619A00CEEC6C /* Project object */;
			proxyType = 1;
			remoteGlobalIDString = 67FD687F1DDA619A00CEEC6C;
			remoteInfo = Anonymouse;
		};
/* End PBXContainerItemProxy section */

/* Begin PBXCopyFilesBuildPhase section */
		671E590A1DF88F2C000CFD6A /* Embed Frameworks */ = {
			isa = PBXCopyFilesBuildPhase;
			buildActionMask = 2147483647;
			dstPath = "";
			dstSubfolderSpec = 10;
			files = (
			);
			name = "Embed Frameworks";
			runOnlyForDeploymentPostprocessing = 0;
		};
/* End PBXCopyFilesBuildPhase section */

/* Begin PBXFileReference section */
		671E58FF1DF88DA3000CFD6A /* AnonyMouseDB.swift */ = {isa = PBXFileReference; fileEncoding = 4; lastKnownFileType = sourcecode.swift; path = AnonyMouseDB.swift; sourceTree = "<group>"; };
		671E590B1DF89057000CFD6A /* SQLite.xcodeproj */ = {isa = PBXFileReference; lastKnownFileType = "wrapper.pb-project"; name = SQLite.xcodeproj; path = "SQLite.swift-master/SQLite.xcodeproj"; sourceTree = "<group>"; };
		6757B3D31DECB18300594AE9 /* BestTableViewController.swift */ = {isa = PBXFileReference; fileEncoding = 4; lastKnownFileType = sourcecode.swift; path = BestTableViewController.swift; sourceTree = "<group>"; };
		6757B3D51DECB19D00594AE9 /* MineTableViewController.swift */ = {isa = PBXFileReference; fileEncoding = 4; lastKnownFileType = sourcecode.swift; path = MineTableViewController.swift; sourceTree = "<group>"; };
		6757B3D71DECB1A800594AE9 /* NewTableViewController.swift */ = {isa = PBXFileReference; fileEncoding = 4; lastKnownFileType = sourcecode.swift; path = NewTableViewController.swift; sourceTree = "<group>"; };
		6757B3D91DECB45400594AE9 /* Mouse.swift */ = {isa = PBXFileReference; fileEncoding = 4; lastKnownFileType = sourcecode.swift; path = Mouse.swift; sourceTree = "<group>"; };
		67FD68801DDA619A00CEEC6C /* Anonymouse.app */ = {isa = PBXFileReference; explicitFileType = wrapper.application; includeInIndex = 0; path = Anonymouse.app; sourceTree = BUILT_PRODUCTS_DIR; };
		67FD68831DDA619A00CEEC6C /* AppDelegate.swift */ = {isa = PBXFileReference; lastKnownFileType = sourcecode.swift; path = AppDelegate.swift; sourceTree = "<group>"; };
		67FD68851DDA619A00CEEC6C /* PostViewController.swift */ = {isa = PBXFileReference; lastKnownFileType = sourcecode.swift; path = PostViewController.swift; sourceTree = "<group>"; };
		67FD688A1DDA619A00CEEC6C /* Base */ = {isa = PBXFileReference; lastKnownFileType = file.storyboard; name = Base; path = Base.lproj/Main.storyboard; sourceTree = "<group>"; };
		67FD688C1DDA619A00CEEC6C /* Assets.xcassets */ = {isa = PBXFileReference; lastKnownFileType = folder.assetcatalog; path = Assets.xcassets; sourceTree = "<group>"; };
		67FD688F1DDA619A00CEEC6C /* Base */ = {isa = PBXFileReference; lastKnownFileType = file.storyboard; name = Base; path = Base.lproj/LaunchScreen.storyboard; sourceTree = "<group>"; };
		67FD68911DDA619A00CEEC6C /* Info.plist */ = {isa = PBXFileReference; lastKnownFileType = text.plist.xml; path = Info.plist; sourceTree = "<group>"; };
		67FD68961DDA619A00CEEC6C /* AnonymouseTests.xctest */ = {isa = PBXFileReference; explicitFileType = wrapper.cfbundle; includeInIndex = 0; path = AnonymouseTests.xctest; sourceTree = BUILT_PRODUCTS_DIR; };
		67FD689A1DDA619A00CEEC6C /* AnonymouseTests.swift */ = {isa = PBXFileReference; lastKnownFileType = sourcecode.swift; path = AnonymouseTests.swift; sourceTree = "<group>"; };
		67FD689C1DDA619A00CEEC6C /* Info.plist */ = {isa = PBXFileReference; lastKnownFileType = text.plist.xml; path = Info.plist; sourceTree = "<group>"; };
		67FD68A11DDA619A00CEEC6C /* AnonymouseUITests.xctest */ = {isa = PBXFileReference; explicitFileType = wrapper.cfbundle; includeInIndex = 0; path = AnonymouseUITests.xctest; sourceTree = BUILT_PRODUCTS_DIR; };
		67FD68A51DDA619A00CEEC6C /* AnonymouseUITests.swift */ = {isa = PBXFileReference; lastKnownFileType = sourcecode.swift; path = AnonymouseUITests.swift; sourceTree = "<group>"; };
		67FD68A71DDA619A00CEEC6C /* Info.plist */ = {isa = PBXFileReference; lastKnownFileType = text.plist.xml; path = Info.plist; sourceTree = "<group>"; };
/* End PBXFileReference section */

/* Begin PBXFrameworksBuildPhase section */
		67FD687D1DDA619A00CEEC6C /* Frameworks */ = {
			isa = PBXFrameworksBuildPhase;
			buildActionMask = 2147483647;
			files = (
				671E59241DF890F1000CFD6A /* SQLite.framework in Frameworks */,
			);
			runOnlyForDeploymentPostprocessing = 0;
		};
		67FD68931DDA619A00CEEC6C /* Frameworks */ = {
			isa = PBXFrameworksBuildPhase;
			buildActionMask = 2147483647;
			files = (
			);
			runOnlyForDeploymentPostprocessing = 0;
		};
		67FD689E1DDA619A00CEEC6C /* Frameworks */ = {
			isa = PBXFrameworksBuildPhase;
			buildActionMask = 2147483647;
			files = (
			);
			runOnlyForDeploymentPostprocessing = 0;
		};
/* End PBXFrameworksBuildPhase section */

/* Begin PBXGroup section */
		671E590C1DF89057000CFD6A /* Products */ = {
			isa = PBXGroup;
			children = (
				671E59161DF89057000CFD6A /* SQLite.framework */,
				671E59181DF89057000CFD6A /* SQLiteTests iOS.xctest */,
				671E591A1DF89057000CFD6A /* SQLite.framework */,
				671E591C1DF89057000CFD6A /* SQLiteTests Mac.xctest */,
				671E591E1DF89057000CFD6A /* SQLite.framework */,
				671E59201DF89057000CFD6A /* SQLiteTests tvOS.xctest */,
				671E59221DF89057000CFD6A /* SQLite.framework */,
			);
			name = Products;
			sourceTree = "<group>";
		};
		67FD68771DDA619A00CEEC6C = {
			isa = PBXGroup;
			children = (
				67FD68821DDA619A00CEEC6C /* Anonymouse */,
				67FD68991DDA619A00CEEC6C /* AnonymouseTests */,
				67FD68A41DDA619A00CEEC6C /* AnonymouseUITests */,
				67FD68811DDA619A00CEEC6C /* Products */,
				671E590B1DF89057000CFD6A /* SQLite.xcodeproj */,
			);
			sourceTree = "<group>";
		};
		67FD68811DDA619A00CEEC6C /* Products */ = {
			isa = PBXGroup;
			children = (
				67FD68801DDA619A00CEEC6C /* Anonymouse.app */,
				67FD68961DDA619A00CEEC6C /* AnonymouseTests.xctest */,
				67FD68A11DDA619A00CEEC6C /* AnonymouseUITests.xctest */,
			);
			name = Products;
			sourceTree = "<group>";
		};
		67FD68821DDA619A00CEEC6C /* Anonymouse */ = {
			isa = PBXGroup;
			children = (
				67FD68831DDA619A00CEEC6C /* AppDelegate.swift */,
				67FD68851DDA619A00CEEC6C /* PostViewController.swift */,
				67FD68891DDA619A00CEEC6C /* Main.storyboard */,
				67FD688C1DDA619A00CEEC6C /* Assets.xcassets */,
				67FD688E1DDA619A00CEEC6C /* LaunchScreen.storyboard */,
				67FD68911DDA619A00CEEC6C /* Info.plist */,
				6757B3D31DECB18300594AE9 /* BestTableViewController.swift */,
				6757B3D51DECB19D00594AE9 /* MineTableViewController.swift */,
				6757B3D71DECB1A800594AE9 /* NewTableViewController.swift */,
				6757B3D91DECB45400594AE9 /* Mouse.swift */,
				671E58FF1DF88DA3000CFD6A /* AnonyMouseDB.swift */,
			);
			path = Anonymouse;
			sourceTree = "<group>";
		};
		67FD68991DDA619A00CEEC6C /* AnonymouseTests */ = {
			isa = PBXGroup;
			children = (
				67FD689A1DDA619A00CEEC6C /* AnonymouseTests.swift */,
				67FD689C1DDA619A00CEEC6C /* Info.plist */,
			);
			path = AnonymouseTests;
			sourceTree = "<group>";
		};
		67FD68A41DDA619A00CEEC6C /* AnonymouseUITests */ = {
			isa = PBXGroup;
			children = (
				67FD68A51DDA619A00CEEC6C /* AnonymouseUITests.swift */,
				67FD68A71DDA619A00CEEC6C /* Info.plist */,
			);
			path = AnonymouseUITests;
			sourceTree = "<group>";
		};
/* End PBXGroup section */

/* Begin PBXNativeTarget section */
		67FD687F1DDA619A00CEEC6C /* Anonymouse */ = {
			isa = PBXNativeTarget;
			buildConfigurationList = 67FD68AA1DDA619A00CEEC6C /* Build configuration list for PBXNativeTarget "Anonymouse" */;
			buildPhases = (
				67FD687C1DDA619A00CEEC6C /* Sources */,
				67FD687D1DDA619A00CEEC6C /* Frameworks */,
				67FD687E1DDA619A00CEEC6C /* Resources */,
				671E590A1DF88F2C000CFD6A /* Embed Frameworks */,
			);
			buildRules = (
			);
			dependencies = (
			);
			name = Anonymouse;
			productName = Anonymouse;
			productReference = 67FD68801DDA619A00CEEC6C /* Anonymouse.app */;
			productType = "com.apple.product-type.application";
		};
		67FD68951DDA619A00CEEC6C /* AnonymouseTests */ = {
			isa = PBXNativeTarget;
			buildConfigurationList = 67FD68AD1DDA619A00CEEC6C /* Build configuration list for PBXNativeTarget "AnonymouseTests" */;
			buildPhases = (
				67FD68921DDA619A00CEEC6C /* Sources */,
				67FD68931DDA619A00CEEC6C /* Frameworks */,
				67FD68941DDA619A00CEEC6C /* Resources */,
			);
			buildRules = (
			);
			dependencies = (
				67FD68981DDA619A00CEEC6C /* PBXTargetDependency */,
			);
			name = AnonymouseTests;
			productName = AnonymouseTests;
			productReference = 67FD68961DDA619A00CEEC6C /* AnonymouseTests.xctest */;
			productType = "com.apple.product-type.bundle.unit-test";
		};
		67FD68A01DDA619A00CEEC6C /* AnonymouseUITests */ = {
			isa = PBXNativeTarget;
			buildConfigurationList = 67FD68B01DDA619A00CEEC6C /* Build configuration list for PBXNativeTarget "AnonymouseUITests" */;
			buildPhases = (
				67FD689D1DDA619A00CEEC6C /* Sources */,
				67FD689E1DDA619A00CEEC6C /* Frameworks */,
				67FD689F1DDA619A00CEEC6C /* Resources */,
			);
			buildRules = (
			);
			dependencies = (
				67FD68A31DDA619A00CEEC6C /* PBXTargetDependency */,
			);
			name = AnonymouseUITests;
			productName = AnonymouseUITests;
			productReference = 67FD68A11DDA619A00CEEC6C /* AnonymouseUITests.xctest */;
			productType = "com.apple.product-type.bundle.ui-testing";
		};
/* End PBXNativeTarget section */

/* Begin PBXProject section */
		67FD68781DDA619A00CEEC6C /* Project object */ = {
			isa = PBXProject;
			attributes = {
				KnownAssetTags = (
					New,
				);
				LastSwiftUpdateCheck = 0800;
				LastUpgradeCheck = 0800;
				ORGANIZATIONNAME = "Dominic Vernazza";
				TargetAttributes = {
					67FD687F1DDA619A00CEEC6C = {
						CreatedOnToolsVersion = 8.0;
						ProvisioningStyle = Automatic;
					};
					67FD68951DDA619A00CEEC6C = {
						CreatedOnToolsVersion = 8.0;
						ProvisioningStyle = Automatic;
						TestTargetID = 67FD687F1DDA619A00CEEC6C;
					};
					67FD68A01DDA619A00CEEC6C = {
						CreatedOnToolsVersion = 8.0;
						ProvisioningStyle = Automatic;
						TestTargetID = 67FD687F1DDA619A00CEEC6C;
					};
				};
			};
			buildConfigurationList = 67FD687B1DDA619A00CEEC6C /* Build configuration list for PBXProject "Anonymouse" */;
			compatibilityVersion = "Xcode 3.2";
			developmentRegion = English;
			hasScannedForEncodings = 0;
			knownRegions = (
				en,
				Base,
			);
			mainGroup = 67FD68771DDA619A00CEEC6C;
			productRefGroup = 67FD68811DDA619A00CEEC6C /* Products */;
			projectDirPath = "";
			projectReferences = (
				{
					ProductGroup = 671E590C1DF89057000CFD6A /* Products */;
					ProjectRef = 671E590B1DF89057000CFD6A /* SQLite.xcodeproj */;
				},
			);
			projectRoot = "";
			targets = (
				67FD687F1DDA619A00CEEC6C /* Anonymouse */,
				67FD68951DDA619A00CEEC6C /* AnonymouseTests */,
				67FD68A01DDA619A00CEEC6C /* AnonymouseUITests */,
			);
		};
/* End PBXProject section */

/* Begin PBXReferenceProxy section */
		671E59161DF89057000CFD6A /* SQLite.framework */ = {
			isa = PBXReferenceProxy;
			fileType = wrapper.framework;
			path = SQLite.framework;
			remoteRef = 671E59151DF89057000CFD6A /* PBXContainerItemProxy */;
			sourceTree = BUILT_PRODUCTS_DIR;
		};
		671E59181DF89057000CFD6A /* SQLiteTests iOS.xctest */ = {
			isa = PBXReferenceProxy;
			fileType = wrapper.cfbundle;
			path = "SQLiteTests iOS.xctest";
			remoteRef = 671E59171DF89057000CFD6A /* PBXContainerItemProxy */;
			sourceTree = BUILT_PRODUCTS_DIR;
		};
		671E591A1DF89057000CFD6A /* SQLite.framework */ = {
			isa = PBXReferenceProxy;
			fileType = wrapper.framework;
			path = SQLite.framework;
			remoteRef = 671E59191DF89057000CFD6A /* PBXContainerItemProxy */;
			sourceTree = BUILT_PRODUCTS_DIR;
		};
		671E591C1DF89057000CFD6A /* SQLiteTests Mac.xctest */ = {
			isa = PBXReferenceProxy;
			fileType = wrapper.cfbundle;
			path = "SQLiteTests Mac.xctest";
			remoteRef = 671E591B1DF89057000CFD6A /* PBXContainerItemProxy */;
			sourceTree = BUILT_PRODUCTS_DIR;
		};
		671E591E1DF89057000CFD6A /* SQLite.framework */ = {
			isa = PBXReferenceProxy;
			fileType = wrapper.framework;
			path = SQLite.framework;
			remoteRef = 671E591D1DF89057000CFD6A /* PBXContainerItemProxy */;
			sourceTree = BUILT_PRODUCTS_DIR;
		};
		671E59201DF89057000CFD6A /* SQLiteTests tvOS.xctest */ = {
			isa = PBXReferenceProxy;
			fileType = wrapper.cfbundle;
			path = "SQLiteTests tvOS.xctest";
			remoteRef = 671E591F1DF89057000CFD6A /* PBXContainerItemProxy */;
			sourceTree = BUILT_PRODUCTS_DIR;
		};
		671E59221DF89057000CFD6A /* SQLite.framework */ = {
			isa = PBXReferenceProxy;
			fileType = wrapper.framework;
			path = SQLite.framework;
			remoteRef = 671E59211DF89057000CFD6A /* PBXContainerItemProxy */;
			sourceTree = BUILT_PRODUCTS_DIR;
		};
/* End PBXReferenceProxy section */

/* Begin PBXResourcesBuildPhase section */
		67FD687E1DDA619A00CEEC6C /* Resources */ = {
			isa = PBXResourcesBuildPhase;
			buildActionMask = 2147483647;
			files = (
				67FD68901DDA619A00CEEC6C /* LaunchScreen.storyboard in Resources */,
				67FD688D1DDA619A00CEEC6C /* Assets.xcassets in Resources */,
				67FD688B1DDA619A00CEEC6C /* Main.storyboard in Resources */,
			);
			runOnlyForDeploymentPostprocessing = 0;
		};
		67FD68941DDA619A00CEEC6C /* Resources */ = {
			isa = PBXResourcesBuildPhase;
			buildActionMask = 2147483647;
			files = (
			);
			runOnlyForDeploymentPostprocessing = 0;
		};
		67FD689F1DDA619A00CEEC6C /* Resources */ = {
			isa = PBXResourcesBuildPhase;
			buildActionMask = 2147483647;
			files = (
			);
			runOnlyForDeploymentPostprocessing = 0;
		};
/* End PBXResourcesBuildPhase section */

/* Begin PBXSourcesBuildPhase section */
		67FD687C1DDA619A00CEEC6C /* Sources */ = {
			isa = PBXSourcesBuildPhase;
			buildActionMask = 2147483647;
			files = (
				6757B3D81DECB1A800594AE9 /* NewTableViewController.swift in Sources */,
				671E59001DF88DA3000CFD6A /* AnonyMouseDB.swift in Sources */,
				6757B3DA1DECB45400594AE9 /* Mouse.swift in Sources */,
				6757B3D61DECB19D00594AE9 /* MineTableViewController.swift in Sources */,
				67FD68841DDA619A00CEEC6C /* AppDelegate.swift in Sources */,
				67FD68861DDA619A00CEEC6C /* PostViewController.swift in Sources */,
				6757B3D41DECB18300594AE9 /* BestTableViewController.swift in Sources */,
			);
			runOnlyForDeploymentPostprocessing = 0;
		};
		67FD68921DDA619A00CEEC6C /* Sources */ = {
			isa = PBXSourcesBuildPhase;
			buildActionMask = 2147483647;
			files = (
				67FD689B1DDA619A00CEEC6C /* AnonymouseTests.swift in Sources */,
			);
			runOnlyForDeploymentPostprocessing = 0;
		};
		67FD689D1DDA619A00CEEC6C /* Sources */ = {
			isa = PBXSourcesBuildPhase;
			buildActionMask = 2147483647;
			files = (
				67FD68A61DDA619A00CEEC6C /* AnonymouseUITests.swift in Sources */,
			);
			runOnlyForDeploymentPostprocessing = 0;
		};
/* End PBXSourcesBuildPhase section */

/* Begin PBXTargetDependency section */
		67FD68981DDA619A00CEEC6C /* PBXTargetDependency */ = {
			isa = PBXTargetDependency;
			target = 67FD687F1DDA619A00CEEC6C /* Anonymouse */;
			targetProxy = 67FD68971DDA619A00CEEC6C /* PBXContainerItemProxy */;
		};
		67FD68A31DDA619A00CEEC6C /* PBXTargetDependency */ = {
			isa = PBXTargetDependency;
			target = 67FD687F1DDA619A00CEEC6C /* Anonymouse */;
			targetProxy = 67FD68A21DDA619A00CEEC6C /* PBXContainerItemProxy */;
		};
/* End PBXTargetDependency section */

/* Begin PBXVariantGroup section */
		67FD68891DDA619A00CEEC6C /* Main.storyboard */ = {
			isa = PBXVariantGroup;
			children = (
				67FD688A1DDA619A00CEEC6C /* Base */,
			);
			name = Main.storyboard;
			sourceTree = "<group>";
		};
		67FD688E1DDA619A00CEEC6C /* LaunchScreen.storyboard */ = {
			isa = PBXVariantGroup;
			children = (
				67FD688F1DDA619A00CEEC6C /* Base */,
			);
			name = LaunchScreen.storyboard;
			sourceTree = "<group>";
		};
/* End PBXVariantGroup section */

/* Begin XCBuildConfiguration section */
		67FD68A81DDA619A00CEEC6C /* Debug */ = {
			isa = XCBuildConfiguration;
			buildSettings = {
				ALWAYS_SEARCH_USER_PATHS = NO;
				CLANG_ANALYZER_NONNULL = YES;
				CLANG_CXX_LANGUAGE_STANDARD = "gnu++0x";
				CLANG_CXX_LIBRARY = "libc++";
				CLANG_ENABLE_MODULES = YES;
				CLANG_ENABLE_OBJC_ARC = YES;
				CLANG_WARN_BOOL_CONVERSION = YES;
				CLANG_WARN_CONSTANT_CONVERSION = YES;
				CLANG_WARN_DIRECT_OBJC_ISA_USAGE = YES_ERROR;
				CLANG_WARN_DOCUMENTATION_COMMENTS = YES;
				CLANG_WARN_EMPTY_BODY = YES;
				CLANG_WARN_ENUM_CONVERSION = YES;
				CLANG_WARN_INT_CONVERSION = YES;
				CLANG_WARN_OBJC_ROOT_CLASS = YES_ERROR;
				CLANG_WARN_UNREACHABLE_CODE = YES;
				CLANG_WARN__DUPLICATE_METHOD_MATCH = YES;
				"CODE_SIGN_IDENTITY[sdk=iphoneos*]" = "iPhone Developer";
				COPY_PHASE_STRIP = NO;
				DEBUG_INFORMATION_FORMAT = dwarf;
				ENABLE_STRICT_OBJC_MSGSEND = YES;
				ENABLE_TESTABILITY = YES;
				GCC_C_LANGUAGE_STANDARD = gnu99;
				GCC_DYNAMIC_NO_PIC = NO;
				GCC_NO_COMMON_BLOCKS = YES;
				GCC_OPTIMIZATION_LEVEL = 0;
				GCC_PREPROCESSOR_DEFINITIONS = (
					"DEBUG=1",
					"$(inherited)",
				);
				GCC_WARN_64_TO_32_BIT_CONVERSION = YES;
				GCC_WARN_ABOUT_RETURN_TYPE = YES_ERROR;
				GCC_WARN_UNDECLARED_SELECTOR = YES;
				GCC_WARN_UNINITIALIZED_AUTOS = YES_AGGRESSIVE;
				GCC_WARN_UNUSED_FUNCTION = YES;
				GCC_WARN_UNUSED_VARIABLE = YES;
				IPHONEOS_DEPLOYMENT_TARGET = 10.0;
				MTL_ENABLE_DEBUG_INFO = YES;
				ONLY_ACTIVE_ARCH = YES;
				SDKROOT = iphoneos;
				SWIFT_ACTIVE_COMPILATION_CONDITIONS = DEBUG;
				SWIFT_OPTIMIZATION_LEVEL = "-Onone";
				TARGETED_DEVICE_FAMILY = "1,2";
			};
			name = Debug;
		};
		67FD68A91DDA619A00CEEC6C /* Release */ = {
			isa = XCBuildConfiguration;
			buildSettings = {
				ALWAYS_SEARCH_USER_PATHS = NO;
				CLANG_ANALYZER_NONNULL = YES;
				CLANG_CXX_LANGUAGE_STANDARD = "gnu++0x";
				CLANG_CXX_LIBRARY = "libc++";
				CLANG_ENABLE_MODULES = YES;
				CLANG_ENABLE_OBJC_ARC = YES;
				CLANG_WARN_BOOL_CONVERSION = YES;
				CLANG_WARN_CONSTANT_CONVERSION = YES;
				CLANG_WARN_DIRECT_OBJC_ISA_USAGE = YES_ERROR;
				CLANG_WARN_DOCUMENTATION_COMMENTS = YES;
				CLANG_WARN_EMPTY_BODY = YES;
				CLANG_WARN_ENUM_CONVERSION = YES;
				CLANG_WARN_INT_CONVERSION = YES;
				CLANG_WARN_OBJC_ROOT_CLASS = YES_ERROR;
				CLANG_WARN_UNREACHABLE_CODE = YES;
				CLANG_WARN__DUPLICATE_METHOD_MATCH = YES;
				"CODE_SIGN_IDENTITY[sdk=iphoneos*]" = "iPhone Developer";
				COPY_PHASE_STRIP = NO;
				DEBUG_INFORMATION_FORMAT = "dwarf-with-dsym";
				ENABLE_NS_ASSERTIONS = NO;
				ENABLE_STRICT_OBJC_MSGSEND = YES;
				GCC_C_LANGUAGE_STANDARD = gnu99;
				GCC_NO_COMMON_BLOCKS = YES;
				GCC_WARN_64_TO_32_BIT_CONVERSION = YES;
				GCC_WARN_ABOUT_RETURN_TYPE = YES_ERROR;
				GCC_WARN_UNDECLARED_SELECTOR = YES;
				GCC_WARN_UNINITIALIZED_AUTOS = YES_AGGRESSIVE;
				GCC_WARN_UNUSED_FUNCTION = YES;
				GCC_WARN_UNUSED_VARIABLE = YES;
				IPHONEOS_DEPLOYMENT_TARGET = 10.0;
				MTL_ENABLE_DEBUG_INFO = NO;
				SDKROOT = iphoneos;
				SWIFT_OPTIMIZATION_LEVEL = "-Owholemodule";
				TARGETED_DEVICE_FAMILY = "1,2";
				VALIDATE_PRODUCT = YES;
			};
			name = Release;
		};
		67FD68AB1DDA619A00CEEC6C /* Debug */ = {
			isa = XCBuildConfiguration;
			buildSettings = {
				ALWAYS_EMBED_SWIFT_STANDARD_LIBRARIES = YES;
				ASSETCATALOG_COMPILER_APPICON_NAME = AppIcon;
				INFOPLIST_FILE = Anonymouse/Info.plist;
				LD_RUNPATH_SEARCH_PATHS = "$(inherited) @executable_path/Frameworks";
				PRODUCT_BUNDLE_IDENTIFIER = edu.elon.dvernazza.Anonymouse;
				PRODUCT_NAME = "$(TARGET_NAME)";
				SWIFT_VERSION = 3.0;
			};
			name = Debug;
		};
		67FD68AC1DDA619A00CEEC6C /* Release */ = {
			isa = XCBuildConfiguration;
			buildSettings = {
				ALWAYS_EMBED_SWIFT_STANDARD_LIBRARIES = YES;
				ASSETCATALOG_COMPILER_APPICON_NAME = AppIcon;
				INFOPLIST_FILE = Anonymouse/Info.plist;
				LD_RUNPATH_SEARCH_PATHS = "$(inherited) @executable_path/Frameworks";
				PRODUCT_BUNDLE_IDENTIFIER = edu.elon.dvernazza.Anonymouse;
				PRODUCT_NAME = "$(TARGET_NAME)";
				SWIFT_VERSION = 3.0;
			};
			name = Release;
		};
		67FD68AE1DDA619A00CEEC6C /* Debug */ = {
			isa = XCBuildConfiguration;
			buildSettings = {
				BUNDLE_LOADER = "$(TEST_HOST)";
				INFOPLIST_FILE = AnonymouseTests/Info.plist;
				LD_RUNPATH_SEARCH_PATHS = "$(inherited) @executable_path/Frameworks @loader_path/Frameworks";
				PRODUCT_BUNDLE_IDENTIFIER = edu.elon.dvernazza.AnonymouseTests;
				PRODUCT_NAME = "$(TARGET_NAME)";
				SWIFT_VERSION = 3.0;
				TEST_HOST = "$(BUILT_PRODUCTS_DIR)/Anonymouse.app/Anonymouse";
			};
			name = Debug;
		};
		67FD68AF1DDA619A00CEEC6C /* Release */ = {
			isa = XCBuildConfiguration;
			buildSettings = {
				BUNDLE_LOADER = "$(TEST_HOST)";
				INFOPLIST_FILE = AnonymouseTests/Info.plist;
				LD_RUNPATH_SEARCH_PATHS = "$(inherited) @executable_path/Frameworks @loader_path/Frameworks";
				PRODUCT_BUNDLE_IDENTIFIER = edu.elon.dvernazza.AnonymouseTests;
				PRODUCT_NAME = "$(TARGET_NAME)";
				SWIFT_VERSION = 3.0;
				TEST_HOST = "$(BUILT_PRODUCTS_DIR)/Anonymouse.app/Anonymouse";
			};
			name = Release;
		};
		67FD68B11DDA619A00CEEC6C /* Debug */ = {
			isa = XCBuildConfiguration;
			buildSettings = {
				INFOPLIST_FILE = AnonymouseUITests/Info.plist;
				LD_RUNPATH_SEARCH_PATHS = "$(inherited) @executable_path/Frameworks @loader_path/Frameworks";
				PRODUCT_BUNDLE_IDENTIFIER = edu.elon.dvernazza.AnonymouseUITests;
				PRODUCT_NAME = "$(TARGET_NAME)";
				SWIFT_VERSION = 3.0;
				TEST_TARGET_NAME = Anonymouse;
			};
			name = Debug;
		};
		67FD68B21DDA619A00CEEC6C /* Release */ = {
			isa = XCBuildConfiguration;
			buildSettings = {
				INFOPLIST_FILE = AnonymouseUITests/Info.plist;
				LD_RUNPATH_SEARCH_PATHS = "$(inherited) @executable_path/Frameworks @loader_path/Frameworks";
				PRODUCT_BUNDLE_IDENTIFIER = edu.elon.dvernazza.AnonymouseUITests;
				PRODUCT_NAME = "$(TARGET_NAME)";
				SWIFT_VERSION = 3.0;
				TEST_TARGET_NAME = Anonymouse;
			};
			name = Release;
		};
/* End XCBuildConfiguration section */

/* Begin XCConfigurationList section */
		67FD687B1DDA619A00CEEC6C /* Build configuration list for PBXProject "Anonymouse" */ = {
			isa = XCConfigurationList;
			buildConfigurations = (
				67FD68A81DDA619A00CEEC6C /* Debug */,
				67FD68A91DDA619A00CEEC6C /* Release */,
			);
			defaultConfigurationIsVisible = 0;
			defaultConfigurationName = Release;
		};
		67FD68AA1DDA619A00CEEC6C /* Build configuration list for PBXNativeTarget "Anonymouse" */ = {
			isa = XCConfigurationList;
			buildConfigurations = (
				67FD68AB1DDA619A00CEEC6C /* Debug */,
				67FD68AC1DDA619A00CEEC6C /* Release */,
			);
			defaultConfigurationIsVisible = 0;
			defaultConfigurationName = Release;
		};
		67FD68AD1DDA619A00CEEC6C /* Build configuration list for PBXNativeTarget "AnonymouseTests" */ = {
			isa = XCConfigurationList;
			buildConfigurations = (
				67FD68AE1DDA619A00CEEC6C /* Debug */,
				67FD68AF1DDA619A00CEEC6C /* Release */,
			);
			defaultConfigurationIsVisible = 0;
			defaultConfigurationName = Release;
		};
		67FD68B01DDA619A00CEEC6C /* Build configuration list for PBXNativeTarget "AnonymouseUITests" */ = {
			isa = XCConfigurationList;
			buildConfigurations = (
				67FD68B11DDA619A00CEEC6C /* Debug */,
				67FD68B21DDA619A00CEEC6C /* Release */,
			);
			defaultConfigurationIsVisible = 0;
			defaultConfigurationName = Release;
		};
/* End XCConfigurationList section */
	};
	rootObject = 67FD68781DDA619A00CEEC6C /* Project object */;
}
